
Microsoft Visual Studio Solution File, Format Version 12.00
Project("{2150E333-8FDC-42A3-9474-1A3956D46DE8}") = "contracts", "contracts", "{17F9524A-91B2-4C35-ACE2-7F4CF165E8DA}"
EndProject
Project("{2150E333-8FDC-42A3-9474-1A3956D46DE8}") = "governance-contract", "governance-contract", "{D738F58C-E1D9-412C-B5F7-1BB6C2A9E81A}"
EndProject
Project("{FAE04EC0-301F-11D3-BF4B-00C04F79EFBC}") = "TomorrowDAO.Contracts.Governance", "contracts\governance-contract\src\TomorrowDAO.Contracts.Governance.csproj", "{70CA14BC-A034-4586-AA59-BF7AC722E04B}"
EndProject
Project("{FAE04EC0-301F-11D3-BF4B-00C04F79EFBC}") = "TomorrowDAO.Contracts.Governance.Tests", "contracts\governance-contract\test\TomorrowDAO.Contracts.Governance.Tests.csproj", "{51FE6B42-553F-407C-A692-ECDC93DDCDE9}"
EndProject
Project("{2150E333-8FDC-42A3-9474-1A3956D46DE8}") = "vote-contract", "vote-contract", "{C129786A-5A09-4E14-97EB-BD3560279B80}"
EndProject
Project("{FAE04EC0-301F-11D3-BF4B-00C04F79EFBC}") = "TomorrowDAO.Contracts.Vote", "contracts\vote-contract\src\TomorrowDAO.Contracts.Vote.csproj", "{23DA3C42-9C0E-42F3-8651-1E33D2640C3A}"
EndProject
Project("{FAE04EC0-301F-11D3-BF4B-00C04F79EFBC}") = "TomorrowDAO.Contracts.Vote.Tests", "contracts\vote-contract\test\TomorrowDAO.Contracts.Vote.Tests.csproj", "{0F71FA48-42F8-49BD-97AB-C5F48FA35D2B}"
EndProject
Project("{2150E333-8FDC-42A3-9474-1A3956D46DE8}") = "election-contract", "election-contract", "{DD9137DA-B39E-418A-AC76-D87DD5F9EA7D}"
EndProject
Project("{FAE04EC0-301F-11D3-BF4B-00C04F79EFBC}") = "TomorrowDAO.Contracts.Election", "contracts\election-contract\src\TomorrowDAO.Contracts.Election.csproj", "{62E6D546-BABC-4858-A968-5E851B2EE550}"
EndProject
Project("{FAE04EC0-301F-11D3-BF4B-00C04F79EFBC}") = "TomorrowDAO.Contracts.Election.Tests", "contracts\election-contract\test\TomorrowDAO.Contracts.Election.Tests.csproj", "{750F6804-3EC6-4069-98C5-6D5B958D1C65}"
EndProject
Project("{2150E333-8FDC-42A3-9474-1A3956D46DE8}") = "dao-contract", "dao-contract", "{0CF860E4-ACD6-4975-A74D-AC2B0A52D7E4}"
EndProject
Project("{FAE04EC0-301F-11D3-BF4B-00C04F79EFBC}") = "TomorrowDAO.Contracts.DAO", "contracts\dao-contract\src\TomorrowDAO.Contracts.DAO.csproj", "{D3668D51-0A85-41E8-B615-9BF42FE85396}"
EndProject
Project("{FAE04EC0-301F-11D3-BF4B-00C04F79EFBC}") = "TomorrowDAO.Contracts.DAO.Tests", "contracts\dao-contract\test\TomorrowDAO.Contracts.DAO.Tests.csproj", "{B1AED5E7-C953-4A68-958F-BA51AD5A6E71}"
EndProject
Project("{2150E333-8FDC-42A3-9474-1A3956D46DE8}") = "treasury-contract", "treasury-contract", "{757354AF-A1C5-404A-ABE9-473343AB0E08}"
EndProject
Project("{FAE04EC0-301F-11D3-BF4B-00C04F79EFBC}") = "TomorrowDAO.Contracts.Treasury", "contracts\treasury-contract\src\TomorrowDAO.Contracts.Treasury.csproj", "{F509D3BC-B9E9-4548-91DB-D4F8C7240A46}"
EndProject
Project("{FAE04EC0-301F-11D3-BF4B-00C04F79EFBC}") = "TomorrowDAO.Contracts.Treasury.Tests", "contracts\treasury-contract\test\TomorrowDAO.Contracts.Treasury.Tests.csproj", "{D5E86C0D-B52A-4F4A-842A-1613B4A00CD2}"
EndProject
Project("{2150E333-8FDC-42A3-9474-1A3956D46DE8}") = "timelock-contract", "timelock-contract", "{F6BB56CD-DD5B-45BF-9A28-F86BD139A92C}"
EndProject
Project("{FAE04EC0-301F-11D3-BF4B-00C04F79EFBC}") = "TomorrowDAO.Contracts.Timelock", "contracts\timelock-contract\src\TomorrowDAO.Contracts.Timelock.csproj", "{2A832919-E81E-4189-9083-0C2E3BD3C6A5}"
EndProject
Project("{FAE04EC0-301F-11D3-BF4B-00C04F79EFBC}") = "TomorrowDAO.Contracts.Timelock.Tests", "contracts\timelock-contract\test\TomorrowDAO.Contracts.Timelock.Tests.csproj", "{0E74EA37-D9E7-4BA1-8C64-BFF5F93E882D}"
EndProject
Project("{2150E333-8FDC-42A3-9474-1A3956D46DE8}") = "merkletree", "merkletree", "{D470CD14-6ECB-4174-97DA-C5F98857AE2B}"
EndProject
Project("{FAE04EC0-301F-11D3-BF4B-00C04F79EFBC}") = "MerkleTreeWithHistory", "contracts\merkletree\src\MerkleTreeWithHistory.csproj", "{5D90F2BF-A1A9-444D-B48A-0BFD9795848D}"
EndProject
Project("{FAE04EC0-301F-11D3-BF4B-00C04F79EFBC}") = "MerkleTreeWithHistory.Tests", "contracts\merkletree\test\MerkleTreeWithHistory.Tests.csproj", "{0520015B-B157-42DC-B8FF-B8A572F136B4}"
EndProject
Project("{2150E333-8FDC-42A3-9474-1A3956D46DE8}") = "pipelines", "pipelines", "{085993A1-1D1B-4D8D-B2ED-E1F942060969}"
EndProject
Project("{FAE04EC0-301F-11D3-BF4B-00C04F79EFBC}") = "TomorrowDAO.Pipelines.V1Deployment", "pipelines\TomorrowDAO.Pipelines.V1Deployment\TomorrowDAO.Pipelines.V1Deployment.csproj", "{6F8088E7-A204-4F2E-963A-84059A8E35F9}"
EndProject
Project("{FAE04EC0-301F-11D3-BF4B-00C04F79EFBC}") = "TomorrowDAO.Cli", "pipelines\TomorrowDAO.Cli\TomorrowDAO.Cli.csproj", "{F6604723-F46A-45BB-97AA-C875B264D7C3}"
EndProject
Project("{FAE04EC0-301F-11D3-BF4B-00C04F79EFBC}") = "TomorrowDAO.Pipelines.AnonymousVoteDeployment", "pipelines\TomorrowDAO.Pipelines.AnonymousVoteDeployment\TomorrowDAO.Pipelines.AnonymousVoteDeployment.csproj", "{C81CE1A9-7C68-4F6A-813D-447DB56C1D87}"
EndProject
Project("{FAE04EC0-301F-11D3-BF4B-00C04F79EFBC}") = "TomorrowDAO.Pipelines.DevChainTest", "pipelines\TomorrowDAO.Pipelines.DevChainTest\TomorrowDAO.Pipelines.DevChainTest.csproj", "{1386BBAF-8730-4859-9F84-C059D8780BAD}"
EndProject
Global
	GlobalSection(SolutionConfigurationPlatforms) = preSolution
		Debug|Any CPU = Debug|Any CPU
		Release|Any CPU = Release|Any CPU
	EndGlobalSection
	GlobalSection(NestedProjects) = preSolution
		{D738F58C-E1D9-412C-B5F7-1BB6C2A9E81A} = {17F9524A-91B2-4C35-ACE2-7F4CF165E8DA}
		{70CA14BC-A034-4586-AA59-BF7AC722E04B} = {D738F58C-E1D9-412C-B5F7-1BB6C2A9E81A}
		{51FE6B42-553F-407C-A692-ECDC93DDCDE9} = {D738F58C-E1D9-412C-B5F7-1BB6C2A9E81A}
		{C129786A-5A09-4E14-97EB-BD3560279B80} = {17F9524A-91B2-4C35-ACE2-7F4CF165E8DA}
		{23DA3C42-9C0E-42F3-8651-1E33D2640C3A} = {C129786A-5A09-4E14-97EB-BD3560279B80}
		{0F71FA48-42F8-49BD-97AB-C5F48FA35D2B} = {C129786A-5A09-4E14-97EB-BD3560279B80}
		{DD9137DA-B39E-418A-AC76-D87DD5F9EA7D} = {17F9524A-91B2-4C35-ACE2-7F4CF165E8DA}
		{62E6D546-BABC-4858-A968-5E851B2EE550} = {DD9137DA-B39E-418A-AC76-D87DD5F9EA7D}
		{750F6804-3EC6-4069-98C5-6D5B958D1C65} = {DD9137DA-B39E-418A-AC76-D87DD5F9EA7D}
		{0CF860E4-ACD6-4975-A74D-AC2B0A52D7E4} = {17F9524A-91B2-4C35-ACE2-7F4CF165E8DA}
		{D3668D51-0A85-41E8-B615-9BF42FE85396} = {0CF860E4-ACD6-4975-A74D-AC2B0A52D7E4}
		{B1AED5E7-C953-4A68-958F-BA51AD5A6E71} = {0CF860E4-ACD6-4975-A74D-AC2B0A52D7E4}
		{757354AF-A1C5-404A-ABE9-473343AB0E08} = {17F9524A-91B2-4C35-ACE2-7F4CF165E8DA}
		{F509D3BC-B9E9-4548-91DB-D4F8C7240A46} = {757354AF-A1C5-404A-ABE9-473343AB0E08}
		{D5E86C0D-B52A-4F4A-842A-1613B4A00CD2} = {757354AF-A1C5-404A-ABE9-473343AB0E08}
		{F6BB56CD-DD5B-45BF-9A28-F86BD139A92C} = {17F9524A-91B2-4C35-ACE2-7F4CF165E8DA}
		{2A832919-E81E-4189-9083-0C2E3BD3C6A5} = {F6BB56CD-DD5B-45BF-9A28-F86BD139A92C}
		{0E74EA37-D9E7-4BA1-8C64-BFF5F93E882D} = {F6BB56CD-DD5B-45BF-9A28-F86BD139A92C}
		{D470CD14-6ECB-4174-97DA-C5F98857AE2B} = {17F9524A-91B2-4C35-ACE2-7F4CF165E8DA}
		{5D90F2BF-A1A9-444D-B48A-0BFD9795848D} = {D470CD14-6ECB-4174-97DA-C5F98857AE2B}
		{0520015B-B157-42DC-B8FF-B8A572F136B4} = {D470CD14-6ECB-4174-97DA-C5F98857AE2B}
		{6F8088E7-A204-4F2E-963A-84059A8E35F9} = {085993A1-1D1B-4D8D-B2ED-E1F942060969}
		{F6604723-F46A-45BB-97AA-C875B264D7C3} = {085993A1-1D1B-4D8D-B2ED-E1F942060969}
		{C81CE1A9-7C68-4F6A-813D-447DB56C1D87} = {085993A1-1D1B-4D8D-B2ED-E1F942060969}
		{1386BBAF-8730-4859-9F84-C059D8780BAD} = {085993A1-1D1B-4D8D-B2ED-E1F942060969}
	EndGlobalSection
	GlobalSection(ProjectConfigurationPlatforms) = postSolution
		{70CA14BC-A034-4586-AA59-BF7AC722E04B}.Debug|Any CPU.ActiveCfg = Debug|Any CPU
		{70CA14BC-A034-4586-AA59-BF7AC722E04B}.Debug|Any CPU.Build.0 = Debug|Any CPU
		{70CA14BC-A034-4586-AA59-BF7AC722E04B}.Release|Any CPU.ActiveCfg = Release|Any CPU
		{70CA14BC-A034-4586-AA59-BF7AC722E04B}.Release|Any CPU.Build.0 = Release|Any CPU
		{51FE6B42-553F-407C-A692-ECDC93DDCDE9}.Debug|Any CPU.ActiveCfg = Debug|Any CPU
		{51FE6B42-553F-407C-A692-ECDC93DDCDE9}.Debug|Any CPU.Build.0 = Debug|Any CPU
		{51FE6B42-553F-407C-A692-ECDC93DDCDE9}.Release|Any CPU.ActiveCfg = Release|Any CPU
		{51FE6B42-553F-407C-A692-ECDC93DDCDE9}.Release|Any CPU.Build.0 = Release|Any CPU
		{23DA3C42-9C0E-42F3-8651-1E33D2640C3A}.Debug|Any CPU.ActiveCfg = Debug|Any CPU
		{23DA3C42-9C0E-42F3-8651-1E33D2640C3A}.Debug|Any CPU.Build.0 = Debug|Any CPU
		{23DA3C42-9C0E-42F3-8651-1E33D2640C3A}.Release|Any CPU.ActiveCfg = Release|Any CPU
		{23DA3C42-9C0E-42F3-8651-1E33D2640C3A}.Release|Any CPU.Build.0 = Release|Any CPU
		{0F71FA48-42F8-49BD-97AB-C5F48FA35D2B}.Debug|Any CPU.ActiveCfg = Debug|Any CPU
		{0F71FA48-42F8-49BD-97AB-C5F48FA35D2B}.Debug|Any CPU.Build.0 = Debug|Any CPU
		{0F71FA48-42F8-49BD-97AB-C5F48FA35D2B}.Release|Any CPU.ActiveCfg = Release|Any CPU
		{0F71FA48-42F8-49BD-97AB-C5F48FA35D2B}.Release|Any CPU.Build.0 = Release|Any CPU
		{62E6D546-BABC-4858-A968-5E851B2EE550}.Debug|Any CPU.ActiveCfg = Debug|Any CPU
		{62E6D546-BABC-4858-A968-5E851B2EE550}.Debug|Any CPU.Build.0 = Debug|Any CPU
		{62E6D546-BABC-4858-A968-5E851B2EE550}.Release|Any CPU.ActiveCfg = Release|Any CPU
		{62E6D546-BABC-4858-A968-5E851B2EE550}.Release|Any CPU.Build.0 = Release|Any CPU
		{750F6804-3EC6-4069-98C5-6D5B958D1C65}.Debug|Any CPU.ActiveCfg = Debug|Any CPU
		{750F6804-3EC6-4069-98C5-6D5B958D1C65}.Debug|Any CPU.Build.0 = Debug|Any CPU
		{750F6804-3EC6-4069-98C5-6D5B958D1C65}.Release|Any CPU.ActiveCfg = Release|Any CPU
		{750F6804-3EC6-4069-98C5-6D5B958D1C65}.Release|Any CPU.Build.0 = Release|Any CPU
		{D3668D51-0A85-41E8-B615-9BF42FE85396}.Debug|Any CPU.ActiveCfg = Debug|Any CPU
		{D3668D51-0A85-41E8-B615-9BF42FE85396}.Debug|Any CPU.Build.0 = Debug|Any CPU
		{D3668D51-0A85-41E8-B615-9BF42FE85396}.Release|Any CPU.ActiveCfg = Release|Any CPU
		{D3668D51-0A85-41E8-B615-9BF42FE85396}.Release|Any CPU.Build.0 = Release|Any CPU
		{B1AED5E7-C953-4A68-958F-BA51AD5A6E71}.Debug|Any CPU.ActiveCfg = Debug|Any CPU
		{B1AED5E7-C953-4A68-958F-BA51AD5A6E71}.Debug|Any CPU.Build.0 = Debug|Any CPU
		{B1AED5E7-C953-4A68-958F-BA51AD5A6E71}.Release|Any CPU.ActiveCfg = Release|Any CPU
		{B1AED5E7-C953-4A68-958F-BA51AD5A6E71}.Release|Any CPU.Build.0 = Release|Any CPU
		{F509D3BC-B9E9-4548-91DB-D4F8C7240A46}.Debug|Any CPU.ActiveCfg = Debug|Any CPU
		{F509D3BC-B9E9-4548-91DB-D4F8C7240A46}.Debug|Any CPU.Build.0 = Debug|Any CPU
		{F509D3BC-B9E9-4548-91DB-D4F8C7240A46}.Release|Any CPU.ActiveCfg = Release|Any CPU
		{F509D3BC-B9E9-4548-91DB-D4F8C7240A46}.Release|Any CPU.Build.0 = Release|Any CPU
		{D5E86C0D-B52A-4F4A-842A-1613B4A00CD2}.Debug|Any CPU.ActiveCfg = Debug|Any CPU
		{D5E86C0D-B52A-4F4A-842A-1613B4A00CD2}.Debug|Any CPU.Build.0 = Debug|Any CPU
		{D5E86C0D-B52A-4F4A-842A-1613B4A00CD2}.Release|Any CPU.ActiveCfg = Release|Any CPU
		{D5E86C0D-B52A-4F4A-842A-1613B4A00CD2}.Release|Any CPU.Build.0 = Release|Any CPU
		{2A832919-E81E-4189-9083-0C2E3BD3C6A5}.Debug|Any CPU.ActiveCfg = Debug|Any CPU
		{2A832919-E81E-4189-9083-0C2E3BD3C6A5}.Debug|Any CPU.Build.0 = Debug|Any CPU
		{2A832919-E81E-4189-9083-0C2E3BD3C6A5}.Release|Any CPU.ActiveCfg = Release|Any CPU
		{2A832919-E81E-4189-9083-0C2E3BD3C6A5}.Release|Any CPU.Build.0 = Release|Any CPU
		{0E74EA37-D9E7-4BA1-8C64-BFF5F93E882D}.Debug|Any CPU.ActiveCfg = Debug|Any CPU
		{0E74EA37-D9E7-4BA1-8C64-BFF5F93E882D}.Debug|Any CPU.Build.0 = Debug|Any CPU
		{0E74EA37-D9E7-4BA1-8C64-BFF5F93E882D}.Release|Any CPU.ActiveCfg = Release|Any CPU
		{0E74EA37-D9E7-4BA1-8C64-BFF5F93E882D}.Release|Any CPU.Build.0 = Release|Any CPU
		{5D90F2BF-A1A9-444D-B48A-0BFD9795848D}.Debug|Any CPU.ActiveCfg = Debug|Any CPU
		{5D90F2BF-A1A9-444D-B48A-0BFD9795848D}.Debug|Any CPU.Build.0 = Debug|Any CPU
		{5D90F2BF-A1A9-444D-B48A-0BFD9795848D}.Release|Any CPU.ActiveCfg = Release|Any CPU
		{5D90F2BF-A1A9-444D-B48A-0BFD9795848D}.Release|Any CPU.Build.0 = Release|Any CPU
		{0520015B-B157-42DC-B8FF-B8A572F136B4}.Debug|Any CPU.ActiveCfg = Debug|Any CPU
		{0520015B-B157-42DC-B8FF-B8A572F136B4}.Debug|Any CPU.Build.0 = Debug|Any CPU
		{0520015B-B157-42DC-B8FF-B8A572F136B4}.Release|Any CPU.ActiveCfg = Release|Any CPU
		{0520015B-B157-42DC-B8FF-B8A572F136B4}.Release|Any CPU.Build.0 = Release|Any CPU
		{6F8088E7-A204-4F2E-963A-84059A8E35F9}.Debug|Any CPU.ActiveCfg = Debug|Any CPU
		{6F8088E7-A204-4F2E-963A-84059A8E35F9}.Debug|Any CPU.Build.0 = Debug|Any CPU
		{6F8088E7-A204-4F2E-963A-84059A8E35F9}.Release|Any CPU.ActiveCfg = Release|Any CPU
		{6F8088E7-A204-4F2E-963A-84059A8E35F9}.Release|Any CPU.Build.0 = Release|Any CPU
		{F6604723-F46A-45BB-97AA-C875B264D7C3}.Debug|Any CPU.ActiveCfg = Debug|Any CPU
		{F6604723-F46A-45BB-97AA-C875B264D7C3}.Debug|Any CPU.Build.0 = Debug|Any CPU
		{F6604723-F46A-45BB-97AA-C875B264D7C3}.Release|Any CPU.ActiveCfg = Release|Any CPU
		{F6604723-F46A-45BB-97AA-C875B264D7C3}.Release|Any CPU.Build.0 = Release|Any CPU
		{C81CE1A9-7C68-4F6A-813D-447DB56C1D87}.Debug|Any CPU.ActiveCfg = Debug|Any CPU
		{C81CE1A9-7C68-4F6A-813D-447DB56C1D87}.Debug|Any CPU.Build.0 = Debug|Any CPU
		{C81CE1A9-7C68-4F6A-813D-447DB56C1D87}.Release|Any CPU.ActiveCfg = Release|Any CPU
		{C81CE1A9-7C68-4F6A-813D-447DB56C1D87}.Release|Any CPU.Build.0 = Release|Any CPU
		{1386BBAF-8730-4859-9F84-C059D8780BAD}.Debug|Any CPU.ActiveCfg = Debug|Any CPU
		{1386BBAF-8730-4859-9F84-C059D8780BAD}.Debug|Any CPU.Build.0 = Debug|Any CPU
		{1386BBAF-8730-4859-9F84-C059D8780BAD}.Release|Any CPU.ActiveCfg = Release|Any CPU
		{1386BBAF-8730-4859-9F84-C059D8780BAD}.Release|Any CPU.Build.0 = Release|Any CPU
	EndGlobalSection
EndGlobal
